
Microsoft Visual Studio Solution File, Format Version 12.00
# Visual Studio Version 16
VisualStudioVersion = 16.0.30011.22
MinimumVisualStudioVersion = 10.0.40219.1
Project("{FAE04EC0-301F-11D3-BF4B-00C04F79EFBC}") = "PreworkCodeChallenges", "PreworkCodeChallenges.csproj", "{4AD07751-E138-4FAB-B752-AB2DB2564A83}"
EndProject
Global
	GlobalSection(SolutionConfigurationPlatforms) = preSolution
		Debug|Any CPU = Debug|Any CPU
		Release|Any CPU = Release|Any CPU
	EndGlobalSection
	GlobalSection(ProjectConfigurationPlatforms) = postSolution
		{4AD07751-E138-4FAB-B752-AB2DB2564A83}.Debug|Any CPU.ActiveCfg = Debug|Any CPU
		{4AD07751-E138-4FAB-B752-AB2DB2564A83}.Debug|Any CPU.Build.0 = Debug|Any CPU
		{4AD07751-E138-4FAB-B752-AB2DB2564A83}.Release|Any CPU.ActiveCfg = Release|Any CPU
		{4AD07751-E138-4FAB-B752-AB2DB2564A83}.Release|Any CPU.Build.0 = Release|Any CPU
	EndGlobalSection
	GlobalSection(SolutionProperties) = preSolution
		HideSolutionNode = FALSE
	EndGlobalSection
	GlobalSection(ExtensibilityGlobals) = postSolution
		SolutionGuid = {BAAE468F-C541-4A9A-966B-7F6A6DC22DB3}
	EndGlobalSection
EndGlobal
